// !$*UTF8*$!
{
	archiveVersion = 1;
	classes = {
	};
	objectVersion = 55;
	objects = {

/* Begin PBXBuildFile section */
		B699973227A46607005AA576 /* AppDelegate.swift in Sources */ = {isa = PBXBuildFile; fileRef = B699973127A46607005AA576 /* AppDelegate.swift */; };
		B699973427A46607005AA576 /* SceneDelegate.swift in Sources */ = {isa = PBXBuildFile; fileRef = B699973327A46607005AA576 /* SceneDelegate.swift */; };
		B699973627A46607005AA576 /* ViewController.swift in Sources */ = {isa = PBXBuildFile; fileRef = B699973527A46607005AA576 /* ViewController.swift */; };
		B699973927A46607005AA576 /* Main.storyboard in Resources */ = {isa = PBXBuildFile; fileRef = B699973727A46607005AA576 /* Main.storyboard */; };
		B699973B27A46608005AA576 /* Assets.xcassets in Resources */ = {isa = PBXBuildFile; fileRef = B699973A27A46608005AA576 /* Assets.xcassets */; };
		B699973E27A46608005AA576 /* LaunchScreen.storyboard in Resources */ = {isa = PBXBuildFile; fileRef = B699973C27A46608005AA576 /* LaunchScreen.storyboard */; };
		B699974927A46609005AA576 /* PreWorkTests.swift in Sources */ = {isa = PBXBuildFile; fileRef = B699974827A46609005AA576 /* PreWorkTests.swift */; };
		B699975327A46609005AA576 /* PreWorkUITests.swift in Sources */ = {isa = PBXBuildFile; fileRef = B699975227A46609005AA576 /* PreWorkUITests.swift */; };
		B699975527A46609005AA576 /* PreWorkUITestsLaunchTests.swift in Sources */ = {isa = PBXBuildFile; fileRef = B699975427A46609005AA576 /* PreWorkUITestsLaunchTests.swift */; };
/* End PBXBuildFile section */

/* Begin PBXContainerItemProxy section */
		B699974527A46609005AA576 /* PBXContainerItemProxy */ = {
			isa = PBXContainerItemProxy;
			containerPortal = B699972627A46607005AA576 /* Project object */;
			proxyType = 1;
			remoteGlobalIDString = B699972D27A46607005AA576;
			remoteInfo = PreWork;
		};
		B699974F27A46609005AA576 /* PBXContainerItemProxy */ = {
			isa = PBXContainerItemProxy;
			containerPortal = B699972627A46607005AA576 /* Project object */;
			proxyType = 1;
			remoteGlobalIDString = B699972D27A46607005AA576;
			remoteInfo = PreWork;
		};
/* End PBXContainerItemProxy section */

/* Begin PBXFileReference section */
		B699972E27A46607005AA576 /* PreWork.app */ = {isa = PBXFileReference; explicitFileType = wrapper.application; includeInIndex = 0; path = PreWork.app; sourceTree = BUILT_PRODUCTS_DIR; };
		B699973127A46607005AA576 /* AppDelegate.swift */ = {isa = PBXFileReference; lastKnownFileType = sourcecode.swift; path = AppDelegate.swift; sourceTree = "<group>"; };
		B699973327A46607005AA576 /* SceneDelegate.swift */ = {isa = PBXFileReference; lastKnownFileType = sourcecode.swift; path = SceneDelegate.swift; sourceTree = "<group>"; };
		B699973527A46607005AA576 /* ViewController.swift */ = {isa = PBXFileReference; lastKnownFileType = sourcecode.swift; path = ViewController.swift; sourceTree = "<group>"; };
		B699973827A46607005AA576 /* Base */ = {isa = PBXFileReference; lastKnownFileType = file.storyboard; name = Base; path = Base.lproj/Main.storyboard; sourceTree = "<group>"; };
		B699973A27A46608005AA576 /* Assets.xcassets */ = {isa = PBXFileReference; lastKnownFileType = folder.assetcatalog; path = Assets.xcassets; sourceTree = "<group>"; };
		B699973D27A46608005AA576 /* Base */ = {isa = PBXFileReference; lastKnownFileType = file.storyboard; name = Base; path = Base.lproj/LaunchScreen.storyboard; sourceTree = "<group>"; };
		B699973F27A46608005AA576 /* Info.plist */ = {isa = PBXFileReference; lastKnownFileType = text.plist.xml; path = Info.plist; sourceTree = "<group>"; };
		B699974427A46609005AA576 /* PreWorkTests.xctest */ = {isa = PBXFileReference; explicitFileType = wrapper.cfbundle; includeInIndex = 0; path = PreWorkTests.xctest; sourceTree = BUILT_PRODUCTS_DIR; };
		B699974827A46609005AA576 /* PreWorkTests.swift */ = {isa = PBXFileReference; lastKnownFileType = sourcecode.swift; path = PreWorkTests.swift; sourceTree = "<group>"; };
		B699974E27A46609005AA576 /* PreWorkUITests.xctest */ = {isa = PBXFileReference; explicitFileType = wrapper.cfbundle; includeInIndex = 0; path = PreWorkUITests.xctest; sourceTree = BUILT_PRODUCTS_DIR; };
		B699975227A46609005AA576 /* PreWorkUITests.swift */ = {isa = PBXFileReference; lastKnownFileType = sourcecode.swift; path = PreWorkUITests.swift; sourceTree = "<group>"; };
		B699975427A46609005AA576 /* PreWorkUITestsLaunchTests.swift */ = {isa = PBXFileReference; lastKnownFileType = sourcecode.swift; path = PreWorkUITestsLaunchTests.swift; sourceTree = "<group>"; };
/* End PBXFileReference section */

/* Begin PBXFrameworksBuildPhase section */
		B699972B27A46607005AA576 /* Frameworks */ = {
			isa = PBXFrameworksBuildPhase;
			buildActionMask = 2147483647;
			files = (
			);
			runOnlyForDeploymentPostprocessing = 0;
		};
		B699974127A46609005AA576 /* Frameworks */ = {
			isa = PBXFrameworksBuildPhase;
			buildActionMask = 2147483647;
			files = (
			);
			runOnlyForDeploymentPostprocessing = 0;
		};
		B699974B27A46609005AA576 /* Frameworks */ = {
			isa = PBXFrameworksBuildPhase;
			buildActionMask = 2147483647;
			files = (
			);
			runOnlyForDeploymentPostprocessing = 0;
		};
/* End PBXFrameworksBuildPhase section */

/* Begin PBXGroup section */
		B699972527A46607005AA576 = {
			isa = PBXGroup;
			children = (
				B699973027A46607005AA576 /* PreWork */,
				B699974727A46609005AA576 /* PreWorkTests */,
				B699975127A46609005AA576 /* PreWorkUITests */,
				B699972F27A46607005AA576 /* Products */,
			);
			sourceTree = "<group>";
		};
		B699972F27A46607005AA576 /* Products */ = {
			isa = PBXGroup;
			children = (
				B699972E27A46607005AA576 /* PreWork.app */,
				B699974427A46609005AA576 /* PreWorkTests.xctest */,
				B699974E27A46609005AA576 /* PreWorkUITests.xctest */,
			);
			name = Products;
			sourceTree = "<group>";
		};
		B699973027A46607005AA576 /* PreWork */ = {
			isa = PBXGroup;
			children = (
				B699973127A46607005AA576 /* AppDelegate.swift */,
				B699973327A46607005AA576 /* SceneDelegate.swift */,
				B699973527A46607005AA576 /* ViewController.swift */,
				B699973727A46607005AA576 /* Main.storyboard */,
				B699973A27A46608005AA576 /* Assets.xcassets */,
				B699973C27A46608005AA576 /* LaunchScreen.storyboard */,
				B699973F27A46608005AA576 /* Info.plist */,
			);
			path = PreWork;
			sourceTree = "<group>";
		};
		B699974727A46609005AA576 /* PreWorkTests */ = {
			isa = PBXGroup;
			children = (
				B699974827A46609005AA576 /* PreWorkTests.swift */,
			);
			path = PreWorkTests;
			sourceTree = "<group>";
		};
		B699975127A46609005AA576 /* PreWorkUITests */ = {
			isa = PBXGroup;
			children = (
				B699975227A46609005AA576 /* PreWorkUITests.swift */,
				B699975427A46609005AA576 /* PreWorkUITestsLaunchTests.swift */,
			);
			path = PreWorkUITests;
			sourceTree = "<group>";
		};
/* End PBXGroup section */

/* Begin PBXNativeTarget section */
		B699972D27A46607005AA576 /* PreWork */ = {
			isa = PBXNativeTarget;
			buildConfigurationList = B699975827A46609005AA576 /* Build configuration list for PBXNativeTarget "PreWork" */;
			buildPhases = (
				B699972A27A46607005AA576 /* Sources */,
				B699972B27A46607005AA576 /* Frameworks */,
				B699972C27A46607005AA576 /* Resources */,
			);
			buildRules = (
			);
			dependencies = (
			);
			name = PreWork;
			productName = PreWork;
			productReference = B699972E27A46607005AA576 /* PreWork.app */;
			productType = "com.apple.product-type.application";
		};
		B699974327A46609005AA576 /* PreWorkTests */ = {
			isa = PBXNativeTarget;
			buildConfigurationList = B699975B27A46609005AA576 /* Build configuration list for PBXNativeTarget "PreWorkTests" */;
			buildPhases = (
				B699974027A46609005AA576 /* Sources */,
				B699974127A46609005AA576 /* Frameworks */,
				B699974227A46609005AA576 /* Resources */,
			);
			buildRules = (
			);
			dependencies = (
				B699974627A46609005AA576 /* PBXTargetDependency */,
			);
			name = PreWorkTests;
			productName = PreWorkTests;
			productReference = B699974427A46609005AA576 /* PreWorkTests.xctest */;
			productType = "com.apple.product-type.bundle.unit-test";
		};
		B699974D27A46609005AA576 /* PreWorkUITests */ = {
			isa = PBXNativeTarget;
			buildConfigurationList = B699975E27A46609005AA576 /* Build configuration list for PBXNativeTarget "PreWorkUITests" */;
			buildPhases = (
				B699974A27A46609005AA576 /* Sources */,
				B699974B27A46609005AA576 /* Frameworks */,
				B699974C27A46609005AA576 /* Resources */,
			);
			buildRules = (
			);
			dependencies = (
				B699975027A46609005AA576 /* PBXTargetDependency */,
			);
			name = PreWorkUITests;
			productName = PreWorkUITests;
			productReference = B699974E27A46609005AA576 /* PreWorkUITests.xctest */;
			productType = "com.apple.product-type.bundle.ui-testing";
		};
/* End PBXNativeTarget section */

/* Begin PBXProject section */
		B699972627A46607005AA576 /* Project object */ = {
			isa = PBXProject;
			attributes = {
				BuildIndependentTargetsInParallel = 1;
				LastSwiftUpdateCheck = 1320;
				LastUpgradeCheck = 1320;
				TargetAttributes = {
					B699972D27A46607005AA576 = {
						CreatedOnToolsVersion = 13.2.1;
					};
					B699974327A46609005AA576 = {
						CreatedOnToolsVersion = 13.2.1;
						TestTargetID = B699972D27A46607005AA576;
					};
					B699974D27A46609005AA576 = {
						CreatedOnToolsVersion = 13.2.1;
						TestTargetID = B699972D27A46607005AA576;
					};
				};
			};
			buildConfigurationList = B699972927A46607005AA576 /* Build configuration list for PBXProject "PreWork" */;
			compatibilityVersion = "Xcode 13.0";
			developmentRegion = en;
			hasScannedForEncodings = 0;
			knownRegions = (
				en,
				Base,
			);
			mainGroup = B699972527A46607005AA576;
			productRefGroup = B699972F27A46607005AA576 /* Products */;
			projectDirPath = "";
			projectRoot = "";
			targets = (
				B699972D27A46607005AA576 /* PreWork */,
				B699974327A46609005AA576 /* PreWorkTests */,
				B699974D27A46609005AA576 /* PreWorkUITests */,
			);
		};
/* End PBXProject section */

/* Begin PBXResourcesBuildPhase section */
		B699972C27A46607005AA576 /* Resources */ = {
			isa = PBXResourcesBuildPhase;
			buildActionMask = 2147483647;
			files = (
				B699973E27A46608005AA576 /* LaunchScreen.storyboard in Resources */,
				B699973B27A46608005AA576 /* Assets.xcassets in Resources */,
				B699973927A46607005AA576 /* Main.storyboard in Resources */,
			);
			runOnlyForDeploymentPostprocessing = 0;
		};
		B699974227A46609005AA576 /* Resources */ = {
			isa = PBXResourcesBuildPhase;
			buildActionMask = 2147483647;
			files = (
			);
			runOnlyForDeploymentPostprocessing = 0;
		};
		B699974C27A46609005AA576 /* Resources */ = {
			isa = PBXResourcesBuildPhase;
			buildActionMask = 2147483647;
			files = (
			);
			runOnlyForDeploymentPostprocessing = 0;
		};
/* End PBXResourcesBuildPhase section */

/* Begin PBXSourcesBuildPhase section */
		B699972A27A46607005AA576 /* Sources */ = {
			isa = PBXSourcesBuildPhase;
			buildActionMask = 2147483647;
			files = (
				B699973627A46607005AA576 /* ViewController.swift in Sources */,
				B699973227A46607005AA576 /* AppDelegate.swift in Sources */,
				B699973427A46607005AA576 /* SceneDelegate.swift in Sources */,
			);
			runOnlyForDeploymentPostprocessing = 0;
		};
		B699974027A46609005AA576 /* Sources */ = {
			isa = PBXSourcesBuildPhase;
			buildActionMask = 2147483647;
			files = (
				B699974927A46609005AA576 /* PreWorkTests.swift in Sources */,
			);
			runOnlyForDeploymentPostprocessing = 0;
		};
		B699974A27A46609005AA576 /* Sources */ = {
			isa = PBXSourcesBuildPhase;
			buildActionMask = 2147483647;
			files = (
				B699975327A46609005AA576 /* PreWorkUITests.swift in Sources */,
				B699975527A46609005AA576 /* PreWorkUITestsLaunchTests.swift in Sources */,
			);
			runOnlyForDeploymentPostprocessing = 0;
		};
/* End PBXSourcesBuildPhase section */

/* Begin PBXTargetDependency section */
		B699974627A46609005AA576 /* PBXTargetDependency */ = {
			isa = PBXTargetDependency;
			target = B699972D27A46607005AA576 /* PreWork */;
			targetProxy = B699974527A46609005AA576 /* PBXContainerItemProxy */;
		};
		B699975027A46609005AA576 /* PBXTargetDependency */ = {
			isa = PBXTargetDependency;
			target = B699972D27A46607005AA576 /* PreWork */;
			targetProxy = B699974F27A46609005AA576 /* PBXContainerItemProxy */;
		};
/* End PBXTargetDependency section */

/* Begin PBXVariantGroup section */
		B699973727A46607005AA576 /* Main.storyboard */ = {
			isa = PBXVariantGroup;
			children = (
				B699973827A46607005AA576 /* Base */,
			);
			name = Main.storyboard;
			sourceTree = "<group>";
		};
		B699973C27A46608005AA576 /* LaunchScreen.storyboard */ = {
			isa = PBXVariantGroup;
			children = (
				B699973D27A46608005AA576 /* Base */,
			);
			name = LaunchScreen.storyboard;
			sourceTree = "<group>";
		};
/* End PBXVariantGroup section */

/* Begin XCBuildConfiguration section */
		B699975627A46609005AA576 /* Debug */ = {
			isa = XCBuildConfiguration;
			buildSettings = {
				ALWAYS_SEARCH_USER_PATHS = NO;
				CLANG_ANALYZER_NONNULL = YES;
				CLANG_ANALYZER_NUMBER_OBJECT_CONVERSION = YES_AGGRESSIVE;
				CLANG_CXX_LANGUAGE_STANDARD = "gnu++17";
				CLANG_CXX_LIBRARY = "libc++";
				CLANG_ENABLE_MODULES = YES;
				CLANG_ENABLE_OBJC_ARC = YES;
				CLANG_ENABLE_OBJC_WEAK = YES;
				CLANG_WARN_BLOCK_CAPTURE_AUTORELEASING = YES;
				CLANG_WARN_BOOL_CONVERSION = YES;
				CLANG_WARN_COMMA = YES;
				CLANG_WARN_CONSTANT_CONVERSION = YES;
				CLANG_WARN_DEPRECATED_OBJC_IMPLEMENTATIONS = YES;
				CLANG_WARN_DIRECT_OBJC_ISA_USAGE = YES_ERROR;
				CLANG_WARN_DOCUMENTATION_COMMENTS = YES;
				CLANG_WARN_EMPTY_BODY = YES;
				CLANG_WARN_ENUM_CONVERSION = YES;
				CLANG_WARN_INFINITE_RECURSION = YES;
				CLANG_WARN_INT_CONVERSION = YES;
				CLANG_WARN_NON_LITERAL_NULL_CONVERSION = YES;
				CLANG_WARN_OBJC_IMPLICIT_RETAIN_SELF = YES;
				CLANG_WARN_OBJC_LITERAL_CONVERSION = YES;
				CLANG_WARN_OBJC_ROOT_CLASS = YES_ERROR;
				CLANG_WARN_QUOTED_INCLUDE_IN_FRAMEWORK_HEADER = YES;
				CLANG_WARN_RANGE_LOOP_ANALYSIS = YES;
				CLANG_WARN_STRICT_PROTOTYPES = YES;
				CLANG_WARN_SUSPICIOUS_MOVE = YES;
				CLANG_WARN_UNGUARDED_AVAILABILITY = YES_AGGRESSIVE;
				CLANG_WARN_UNREACHABLE_CODE = YES;
				CLANG_WARN__DUPLICATE_METHOD_MATCH = YES;
				COPY_PHASE_STRIP = NO;
				DEBUG_INFORMATION_FORMAT = dwarf;
				ENABLE_STRICT_OBJC_MSGSEND = YES;
				ENABLE_TESTABILITY = YES;
				GCC_C_LANGUAGE_STANDARD = gnu11;
				GCC_DYNAMIC_NO_PIC = NO;
				GCC_NO_COMMON_BLOCKS = YES;
				GCC_OPTIMIZATION_LEVEL = 0;
				GCC_PREPROCESSOR_DEFINITIONS = (
					"DEBUG=1",
					"$(inherited)",
				);
				GCC_WARN_64_TO_32_BIT_CONVERSION = YES;
				GCC_WARN_ABOUT_RETURN_TYPE = YES_ERROR;
				GCC_WARN_UNDECLARED_SELECTOR = YES;
				GCC_WARN_UNINITIALIZED_AUTOS = YES_AGGRESSIVE;
				GCC_WARN_UNUSED_FUNCTION = YES;
				GCC_WARN_UNUSED_VARIABLE = YES;
				IPHONEOS_DEPLOYMENT_TARGET = 15.2;
				MTL_ENABLE_DEBUG_INFO = INCLUDE_SOURCE;
				MTL_FAST_MATH = YES;
				ONLY_ACTIVE_ARCH = YES;
				SDKROOT = iphoneos;
				SWIFT_ACTIVE_COMPILATION_CONDITIONS = DEBUG;
				SWIFT_OPTIMIZATION_LEVEL = "-Onone";
			};
			name = Debug;
		};
		B699975727A46609005AA576 /* Release */ = {
			isa = XCBuildConfiguration;
			buildSettings = {
				ALWAYS_SEARCH_USER_PATHS = NO;
				CLANG_ANALYZER_NONNULL = YES;
				CLANG_ANALYZER_NUMBER_OBJECT_CONVERSION = YES_AGGRESSIVE;
				CLANG_CXX_LANGUAGE_STANDARD = "gnu++17";
				CLANG_CXX_LIBRARY = "libc++";
				CLANG_ENABLE_MODULES = YES;
				CLANG_ENABLE_OBJC_ARC = YES;
				CLANG_ENABLE_OBJC_WEAK = YES;
				CLANG_WARN_BLOCK_CAPTURE_AUTORELEASING = YES;
				CLANG_WARN_BOOL_CONVERSION = YES;
				CLANG_WARN_COMMA = YES;
				CLANG_WARN_CONSTANT_CONVERSION = YES;
				CLANG_WARN_DEPRECATED_OBJC_IMPLEMENTATIONS = YES;
				CLANG_WARN_DIRECT_OBJC_ISA_USAGE = YES_ERROR;
				CLANG_WARN_DOCUMENTATION_COMMENTS = YES;
				CLANG_WARN_EMPTY_BODY = YES;
				CLANG_WARN_ENUM_CONVERSION = YES;
				CLANG_WARN_INFINITE_RECURSION = YES;
				CLANG_WARN_INT_CONVERSION = YES;
				CLANG_WARN_NON_LITERAL_NULL_CONVERSION = YES;
				CLANG_WARN_OBJC_IMPLICIT_RETAIN_SELF = YES;
				CLANG_WARN_OBJC_LITERAL_CONVERSION = YES;
				CLANG_WARN_OBJC_ROOT_CLASS = YES_ERROR;
				CLANG_WARN_QUOTED_INCLUDE_IN_FRAMEWORK_HEADER = YES;
				CLANG_WARN_RANGE_LOOP_ANALYSIS = YES;
				CLANG_WARN_STRICT_PROTOTYPES = YES;
				CLANG_WARN_SUSPICIOUS_MOVE = YES;
				CLANG_WARN_UNGUARDED_AVAILABILITY = YES_AGGRESSIVE;
				CLANG_WARN_UNREACHABLE_CODE = YES;
				CLANG_WARN__DUPLICATE_METHOD_MATCH = YES;
				COPY_PHASE_STRIP = NO;
				DEBUG_INFORMATION_FORMAT = "dwarf-with-dsym";
				ENABLE_NS_ASSERTIONS = NO;
				ENABLE_STRICT_OBJC_MSGSEND = YES;
				GCC_C_LANGUAGE_STANDARD = gnu11;
				GCC_NO_COMMON_BLOCKS = YES;
				GCC_WARN_64_TO_32_BIT_CONVERSION = YES;
				GCC_WARN_ABOUT_RETURN_TYPE = YES_ERROR;
				GCC_WARN_UNDECLARED_SELECTOR = YES;
				GCC_WARN_UNINITIALIZED_AUTOS = YES_AGGRESSIVE;
				GCC_WARN_UNUSED_FUNCTION = YES;
				GCC_WARN_UNUSED_VARIABLE = YES;
				IPHONEOS_DEPLOYMENT_TARGET = 15.2;
				MTL_ENABLE_DEBUG_INFO = NO;
				MTL_FAST_MATH = YES;
				SDKROOT = iphoneos;
				SWIFT_COMPILATION_MODE = wholemodule;
				SWIFT_OPTIMIZATION_LEVEL = "-O";
				VALIDATE_PRODUCT = YES;
			};
			name = Release;
		};
		B699975927A46609005AA576 /* Debug */ = {
			isa = XCBuildConfiguration;
			buildSettings = {
				ASSETCATALOG_COMPILER_APPICON_NAME = AppIcon;
				ASSETCATALOG_COMPILER_GLOBAL_ACCENT_COLOR_NAME = AccentColor;
				CODE_SIGN_STYLE = Automatic;
				CURRENT_PROJECT_VERSION = 1;
				GENERATE_INFOPLIST_FILE = YES;
				INFOPLIST_FILE = PreWork/Info.plist;
				INFOPLIST_KEY_UIApplicationSupportsIndirectInputEvents = YES;
				INFOPLIST_KEY_UILaunchStoryboardName = LaunchScreen;
				INFOPLIST_KEY_UIMainStoryboardFile = Main;
				INFOPLIST_KEY_UISupportedInterfaceOrientations_iPad = "UIInterfaceOrientationPortrait UIInterfaceOrientationPortraitUpsideDown UIInterfaceOrientationLandscapeLeft UIInterfaceOrientationLandscapeRight";
				INFOPLIST_KEY_UISupportedInterfaceOrientations_iPhone = "UIInterfaceOrientationPortrait UIInterfaceOrientationLandscapeLeft UIInterfaceOrientationLandscapeRight";
				LD_RUNPATH_SEARCH_PATHS = (
					"$(inherited)",
					"@executable_path/Frameworks",
				);
				MARKETING_VERSION = 1.0;
				PRODUCT_BUNDLE_IDENTIFIER = com.example.PreWork;
				PRODUCT_NAME = "$(TARGET_NAME)";
				SWIFT_EMIT_LOC_STRINGS = YES;
				SWIFT_VERSION = 5.0;
				TARGETED_DEVICE_FAMILY = "1,2";
			};
			name = Debug;
		};
		B699975A27A46609005AA576 /* Release */ = {
			isa = XCBuildConfiguration;
			buildSettings = {
				ASSETCATALOG_COMPILER_APPICON_NAME = AppIcon;
				ASSETCATALOG_COMPILER_GLOBAL_ACCENT_COLOR_NAME = AccentColor;
				CODE_SIGN_STYLE = Automatic;
				CURRENT_PROJECT_VERSION = 1;
				GENERATE_INFOPLIST_FILE = YES;
				INFOPLIST_FILE = PreWork/Info.plist;
				INFOPLIST_KEY_UIApplicationSupportsIndirectInputEvents = YES;
				INFOPLIST_KEY_UILaunchStoryboardName = LaunchScreen;
				INFOPLIST_KEY_UIMainStoryboardFile = Main;
				INFOPLIST_KEY_UISupportedInterfaceOrientations_iPad = "UIInterfaceOrientationPortrait UIInterfaceOrientationPortraitUpsideDown UIInterfaceOrientationLandscapeLeft UIInterfaceOrientationLandscapeRight";
				INFOPLIST_KEY_UISupportedInterfaceOrientations_iPhone = "UIInterfaceOrientationPortrait UIInterfaceOrientationLandscapeLeft UIInterfaceOrientationLandscapeRight";
				LD_RUNPATH_SEARCH_PATHS = (
					"$(inherited)",
					"@executable_path/Frameworks",
				);
				MARKETING_VERSION = 1.0;
				PRODUCT_BUNDLE_IDENTIFIER = com.example.PreWork;
				PRODUCT_NAME = "$(TARGET_NAME)";
				SWIFT_EMIT_LOC_STRINGS = YES;
				SWIFT_VERSION = 5.0;
				TARGETED_DEVICE_FAMILY = "1,2";
			};
			name = Release;
		};
		B699975C27A46609005AA576 /* Debug */ = {
			isa = XCBuildConfiguration;
			buildSettings = {
				ALWAYS_EMBED_SWIFT_STANDARD_LIBRARIES = YES;
				BUNDLE_LOADER = "$(TEST_HOST)";
				CODE_SIGN_STYLE = Automatic;
				CURRENT_PROJECT_VERSION = 1;
				GENERATE_INFOPLIST_FILE = YES;
				IPHONEOS_DEPLOYMENT_TARGET = 15.2;
				MARKETING_VERSION = 1.0;
				PRODUCT_BUNDLE_IDENTIFIER = com.example.PreWorkTests;
				PRODUCT_NAME = "$(TARGET_NAME)";
				SWIFT_EMIT_LOC_STRINGS = NO;
				SWIFT_VERSION = 5.0;
				TARGETED_DEVICE_FAMILY = "1,2";
				TEST_HOST = "$(BUILT_PRODUCTS_DIR)/PreWork.app/PreWork";
			};
			name = Debug;
		};
		B699975D27A46609005AA576 /* Release */ = {
			isa = XCBuildConfiguration;
			buildSettings = {
				ALWAYS_EMBED_SWIFT_STANDARD_LIBRARIES = YES;
				BUNDLE_LOADER = "$(TEST_HOST)";
				CODE_SIGN_STYLE = Automatic;
				CURRENT_PROJECT_VERSION = 1;
				GENERATE_INFOPLIST_FILE = YES;
				IPHONEOS_DEPLOYMENT_TARGET = 15.2;
				MARKETING_VERSION = 1.0;
				PRODUCT_BUNDLE_IDENTIFIER = com.example.PreWorkTests;
				PRODUCT_NAME = "$(TARGET_NAME)";
				SWIFT_EMIT_LOC_STRINGS = NO;
				SWIFT_VERSION = 5.0;
				TARGETED_DEVICE_FAMILY = "1,2";
				TEST_HOST = "$(BUILT_PRODUCTS_DIR)/PreWork.app/PreWork";
			};
			name = Release;
		};
		B699975F27A46609005AA576 /* Debug */ = {
			isa = XCBuildConfiguration;
			buildSettings = {
				ALWAYS_EMBED_SWIFT_STANDARD_LIBRARIES = YES;
				CODE_SIGN_STYLE = Automatic;
				CURRENT_PROJECT_VERSION = 1;
				GENERATE_INFOPLIST_FILE = YES;
				MARKETING_VERSION = 1.0;
				PRODUCT_BUNDLE_IDENTIFIER = com.example.PreWorkUITests;
				PRODUCT_NAME = "$(TARGET_NAME)";
				SWIFT_EMIT_LOC_STRINGS = NO;
				SWIFT_VERSION = 5.0;
				TARGETED_DEVICE_FAMILY = "1,2";
				TEST_TARGET_NAME = PreWork;
			};
			name = Debug;
		};
		B699976027A46609005AA576 /* Release */ = {
			isa = XCBuildConfiguration;
			buildSettings = {
				ALWAYS_EMBED_SWIFT_STANDARD_LIBRARIES = YES;
				CODE_SIGN_STYLE = Automatic;
				CURRENT_PROJECT_VERSION = 1;
				GENERATE_INFOPLIST_FILE = YES;
				MARKETING_VERSION = 1.0;
				PRODUCT_BUNDLE_IDENTIFIER = com.example.PreWorkUITests;
				PRODUCT_NAME = "$(TARGET_NAME)";
				SWIFT_EMIT_LOC_STRINGS = NO;
				SWIFT_VERSION = 5.0;
				TARGETED_DEVICE_FAMILY = "1,2";
				TEST_TARGET_NAME = PreWork;
			};
			name = Release;
		};
/* End XCBuildConfiguration section */

/* Begin XCConfigurationList section */
		B699972927A46607005AA576 /* Build configuration list for PBXProject "PreWork" */ = {
			isa = XCConfigurationList;
			buildConfigurations = (
				B699975627A46609005AA576 /* Debug */,
				B699975727A46609005AA576 /* Release */,
			);
			defaultConfigurationIsVisible = 0;
			defaultConfigurationName = Release;
		};
		B699975827A46609005AA576 /* Build configuration list for PBXNativeTarget "PreWork" */ = {
			isa = XCConfigurationList;
			buildConfigurations = (
				B699975927A46609005AA576 /* Debug */,
				B699975A27A46609005AA576 /* Release */,
			);
			defaultConfigurationIsVisible = 0;
			defaultConfigurationName = Release;
		};
		B699975B27A46609005AA576 /* Build configuration list for PBXNativeTarget "PreWorkTests" */ = {
			isa = XCConfigurationList;
			buildConfigurations = (
				B699975C27A46609005AA576 /* Debug */,
				B699975D27A46609005AA576 /* Release */,
			);
			defaultConfigurationIsVisible = 0;
			defaultConfigurationName = Release;
		};
		B699975E27A46609005AA576 /* Build configuration list for PBXNativeTarget "PreWorkUITests" */ = {
			isa = XCConfigurationList;
			buildConfigurations = (
				B699975F27A46609005AA576 /* Debug */,
				B699976027A46609005AA576 /* Release */,
			);
			defaultConfigurationIsVisible = 0;
			defaultConfigurationName = Release;
		};
/* End XCConfigurationList section */
	};
	rootObject = B699972627A46607005AA576 /* Project object */;
}
